NeoBundleLock PIV 7f83642c439c0d067e64b7caa7974ebcbaf0d563
NeoBundleLock YouCompleteMe c2d962dddb4cc86f771722e9775d2345d31fe8bb
NeoBundleLock ack.vim 6a57bc0a5877800b5621f6ade5006e58eb582845
NeoBundleLock clam.vim bea3683706b3800d52020e3b64c0e7301d827fc8
NeoBundleLock ctrlp.vim b5d3fe66a58a13d2ff8b6391f4387608496a030f
NeoBundleLock dash.vim 8dc25d544d567a86e00a97df1afe92caad3dfbfb
NeoBundleLock delimitMate d24ad6b301685cd3b9278420248cc780fdc8fc59
NeoBundleLock editorconfig-vim bc414d13ee38bbb1fca99d02c7adabd94f4cc78b
NeoBundleLock emmet-vim 610c2ea6730eab2f3a9bbbfc423ac4bdd6db2c96
NeoBundleLock ghcmod-vim 7e5f6102aa709244f5d4cedec807eac4b901c4cb
NeoBundleLock gist-vim 235955468c2d85e5d0ece46d84948acf2bedeb20
NeoBundleLock goyo.vim 8b74a603e56d58b8dd3caef77609a63f838cd110
NeoBundleLock jshint.vim 68a9a7c0fea24ddbbd9beecab1fa68f9bf3d7dc2
NeoBundleLock limelight.vim 53887b58391d3b814db0d4c1817e277e35978725
NeoBundleLock lushtags 429fab3b748ae04ee5de0cbf75d947f15441e798
NeoBundleLock matchit.zip ced6c409c9beeb0b4142d21906606bd194411d1d
NeoBundleLock neco-ghc a45f4f98ee3f25eaa64a39328c253d4f78cd5fda
NeoBundleLock neobundle.vim 0469b51d99cb52bf8d6c416b3ed6159a2cdaed9c
NeoBundleLock nerdtree af85499edace2acca27ce41790ac333f62b689bb
NeoBundleLock php.vim 3ef881bbd32f1c7162b03f5be915172c9f2100cc
NeoBundleLock python-mode 9c8468e83232c3e45b730d2d0b28d609053dec05
NeoBundleLock tabular 60f25648814f0695eeb6c1040d97adca93c4e0bb
NeoBundleLock tagbar 399b75256ac7333d7119d11047f6b3aff8fa2828
NeoBundleLock tcomment_vim 0262fdc53df2e6a24be91c10311dfaf1acd048fc
NeoBundleLock tlib_vim c9ffbef0718a35bd30eb711456e2100e4adf79f7
NeoBundleLock ultisnips 188e00f7b87297ea7737f9494d531c7073637332
NeoBundleLock undotree fa018f38252f58073f2987f8bf0d2d4a61e07277
NeoBundleLock vader.vim ad2c752435baba9e7544d0046f0277c3573439bd
NeoBundleLock vim-HiLinkTrace 64da6bf463362967876fdee19c6c8d7dd3d0bf0f
NeoBundleLock vim-abolish 665bed73aded4049a6d9bdaf3c87ee69af983abb
NeoBundleLock vim-addon-mw-utils 0c5612fa31ee434ba055e21c76f456244b3b5109
NeoBundleLock vim-airline 67de5f2257f8d5def7a31e3009d4298ce977cb80
NeoBundleLock vim-ansible-yaml 7067ab058866ec150cc27eaf954cbe04180d3256
NeoBundleLock vim-colors-solarized 528a59f26d12278698bb946f8fb82a63711eec21
NeoBundleLock vim-dispatch 2f5d15fea4c9427ba3f7d8d82c838890b8522125
NeoBundleLock vim-easy-align c62d124be614de65922b15d468c4049d1eee9353
NeoBundleLock vim-fugitive e065e4f841f4a033ac9a6156573a446007617b1d
NeoBundleLock vim-gitgutter 339f8ba079ed7d465ca442c9032b36bc56c21f61
NeoBundleLock vim-go be38bf64583b3a4d65bfb8c39a3c8fe4193cfda2
NeoBundleLock vim-lexical 57b4f947b20376cd320ade81ee6d3c23e0dc6913
NeoBundleLock vim-marked a99529ae7507816003afac59214d0fe5e62932f3
NeoBundleLock vim-movar 2e40e8ece44c92577c68c68dcfcf66fa006878fd
NeoBundleLock vim-multiple-cursors 3199d34f57e1e20d2dd807b31a5a72d7f7d42e96
NeoBundleLock vim-pencil 5f819bfec096fb5305aa34930966d8396d9dc6ed
NeoBundleLock vim-polyglot 4203435c48adfec7950f5b9ab745e87c5296e486
NeoBundleLock vim-repeat 7a6675f092842c8f81e71d5345bd7cdbf3759415
NeoBundleLock vim-scriptease 643bbf99e92fa925ea354cb2a388018bd138c369
NeoBundleLock vim-seek c85191cdf75328e59f6826afbfacbc2c7c8e343e
NeoBundleLock vim-sensible d0beb8ab42627bea2c747564ca46ec663e3ba0ba
NeoBundleLock vim-sleuth 1db371f776215ab0d1c49c9780e008a6d41d3faf
NeoBundleLock vim-snippets 2c40fab0287ed39a3fadb4b93726f1ffc23f38d4
NeoBundleLock vim-surround 772ab9587b7d1e2c3bae75395c9123803059ba8a
NeoBundleLock vim-tbone 891887b881bc818a1f8bd33904ac48e1dd471d6a
NeoBundleLock vim-textobj-indent deb76867c302f933c8f21753806cbf2d8461b548
NeoBundleLock vim-textobj-quote 85b6b307954329a29a6a4a552d7b11d7fe322993
NeoBundleLock vim-textobj-user a3054162c09bcf732624f43ddacbd85dad09713b
NeoBundleLock vim-vinegar ac893960c324d879b6923a4c1abaea352d8caeb5
NeoBundleLock vim-wordy 86ab7f3d5be2169cfa78ee6a866a8158acd5638c
NeoBundleLock vim-yankstack 157a659c1b101c899935d961774fb5c8f0775370
NeoBundleLock vim2hs f2afd55704bfe0a2d66e6b270d247e9b8a7b1664
NeoBundleLock vimproc.vim c286dcbdfca9e0ee1a4cb90f09c3f03638112f5a
NeoBundleLock vimshell.vim 4939e10609c434becf6423b2f3876bb9c2be3464
NeoBundleLock webapi-vim 6d577e49aeb81b4ede280161ca1e550c9328d098
