NeoBundleLock PIV 7f83642c439c0d067e64b7caa7974ebcbaf0d563
NeoBundleLock YouCompleteMe 429e04ab98cf11c14980dd2a76641741df9e83e0
NeoBundleLock ack.vim b9ceb0f9eec504e18b67f43ab9c6ba2bd5b80c2d
NeoBundleLock clam.vim a38c9ee62b1ecc1e91b233981f7227d280c82787
NeoBundleLock ctrlp.vim 564176f01d7f3f7f8ab452ff4e1f5314de7b0981
NeoBundleLock dash.vim 4b01b6cd20fb77089b4222133c791602d140d901
NeoBundleLock delimitMate 8bc47fd1c40cdad9ea1f36c0cf13592c70ea65e9
NeoBundleLock editorconfig-vim ef035f51af3adb429aedb0f82f27fdd523f6bb35
NeoBundleLock elm-vim 3222c9bc626b414ccce52a63ef0bbd1e240b5da6
NeoBundleLock emmet-vim 0ccaa29dbde268888be21705b0de5de89b59ef48
NeoBundleLock ghcmod-vim 815616e8b7d64677d6092e95bc6a3e83d2e035d4
NeoBundleLock gist-vim 88c331e2e07765090112a396e5e119b39b5aa754
NeoBundleLock goyo.vim 9a10a306f3df077dc76c95c0cc6528633f43e9d8
NeoBundleLock jshint.vim 68a9a7c0fea24ddbbd9beecab1fa68f9bf3d7dc2
NeoBundleLock limelight.vim 153e3f7b78484eb4f5d69833ebf628f44b94996d
NeoBundleLock lushtags 429fab3b748ae04ee5de0cbf75d947f15441e798
NeoBundleLock matchit.zip ced6c409c9beeb0b4142d21906606bd194411d1d
NeoBundleLock neco-ghc df959a20468c2f455b599d1d21de8d2c4334c7aa
NeoBundleLock neobundle.vim d4e76e8230f73949534920c52b4b9d85763ba11f
NeoBundleLock nerdtree 4ebbb533c3faf2c480211db2b547972bb3b60f2b
NeoBundleLock php.vim ca56841fa787d094e2f7d816e2a2db6fdb3ea65f
NeoBundleLock python-mode 4bda3035ce9523a6d31792bc6c22ce2b9e0ae9a3
NeoBundleLock tabular 60f25648814f0695eeb6c1040d97adca93c4e0bb
NeoBundleLock tagbar 7b36c46d17d57db34fdb0adac9ba6382d0bb5e66
NeoBundleLock tcomment_vim 7c4277754b6b77fb80b47cd4a7384d1e2d6c1538
NeoBundleLock tlib_vim 2bb17b766321270d45a9bbe5b57f90aaf45011c2
NeoBundleLock ultisnips 25882e95cd8981308c4b2d87dcc2c2d6ecd73a6d
NeoBundleLock undotree e5a01b2eb94afd256a96cac07ba2981a55dd9665
NeoBundleLock vader.vim e6209b07d3a07cd74c0ec8bd113178d8854e7516
NeoBundleLock vim-HiLinkTrace 64da6bf463362967876fdee19c6c8d7dd3d0bf0f
NeoBundleLock vim-abolish e6a170cda8ee542ec5f1384c9643d4330ee6b181
NeoBundleLock vim-addon-mw-utils 0c5612fa31ee434ba055e21c76f456244b3b5109
NeoBundleLock vim-airline 81b58028f0131ae942fe81dceb6d40abf4f25b93
NeoBundleLock vim-airline-themes ff7a287321c89f47af61ce22ac4a1222f92a30b3
NeoBundleLock vim-ansible-yaml e13f66e8d78f780b663c3ac609975ecb6352fbb1
NeoBundleLock vim-colors-solarized 528a59f26d12278698bb946f8fb82a63711eec21
NeoBundleLock vim-dispatch eb3e564fb1edfee09fe6aeb57f3388e273da72c8
NeoBundleLock vim-easy-align 0cb6b98fc155717b0a56c110551ac57d1d951ddb
NeoBundleLock vim-fugitive e1ae9effbcc9673bdc4bedbdbe6028f00114108c
NeoBundleLock vim-gitgutter 28353bd0609ae7b8c7e01c70dce31700d8c6e654
NeoBundleLock vim-go 7828855f3eb168d2daec1d1304499d5a8cefdced
NeoBundleLock vim-lexical 3e1fdc6ae19539432901e91462e33a7c8aa85ecf
NeoBundleLock vim-marked a99529ae7507816003afac59214d0fe5e62932f3
NeoBundleLock vim-movar 2e40e8ece44c92577c68c68dcfcf66fa006878fd
NeoBundleLock vim-multiple-cursors 47c9e3fb11a202a9a2fa1d591ec990a41e4221c4
NeoBundleLock vim-pencil ebbfc350b8622955163b5580bec1b6c92ee7a12a
NeoBundleLock vim-polyglot b0823d20685d0c03e70de3abfc85d79a8188d292
NeoBundleLock vim-repeat 7a6675f092842c8f81e71d5345bd7cdbf3759415
NeoBundleLock vim-scala e590ca15ea8a35dd9f70f03273ee36ba6b6cb08b
NeoBundleLock vim-scriptease 3fa4aabaecc00a3ccec376d8e6e1af19465eefe2
NeoBundleLock vim-seek c85191cdf75328e59f6826afbfacbc2c7c8e343e
NeoBundleLock vim-sensible 9e91be7e0fb42949831fe3161ef583363648aa58
NeoBundleLock vim-sleuth a17462708aa40a7fc0afd4effa559087d8a2c908
NeoBundleLock vim-snippets 06168f1d0805afd35cf92cf942b0674e79559054
NeoBundleLock vim-surround 2d05440ad23f97a7874ebd9b5de3a0e65d25d85c
NeoBundleLock vim-tbone 891887b881bc818a1f8bd33904ac48e1dd471d6a
NeoBundleLock vim-textobj-indent deb76867c302f933c8f21753806cbf2d8461b548
NeoBundleLock vim-textobj-quote 85b6b307954329a29a6a4a552d7b11d7fe322993
NeoBundleLock vim-textobj-user a3054162c09bcf732624f43ddacbd85dad09713b
NeoBundleLock vim-vinegar 75fc3824bc09053f22735d6726c5cfd614c15642
NeoBundleLock vim-wordy 6b37d5a8c962250d251aa0d6f7dd3699cf26cb69
NeoBundleLock vim-yankstack 157a659c1b101c899935d961774fb5c8f0775370
NeoBundleLock vim2hs f2afd55704bfe0a2d66e6b270d247e9b8a7b1664
NeoBundleLock vimproc.vim bca9fef7faf530d0f3db5dfd61bef46384f06efe
NeoBundleLock vimshell.vim 7507ab4bcd25d404a442fd2b3aea786ef878769c
NeoBundleLock webapi-vim 5726e8270e2a774c7200ca79868b4128c0c57ad7
